
Microsoft Visual Studio Solution File, Format Version 12.00
# Visual Studio Version 17
VisualStudioVersion = 17.5.33424.131
MinimumVisualStudioVersion = 10.0.40219.1
Project("{8BC9CEB8-8B4A-11D0-8D11-00A0C91BC942}") = "ParadigmaOOP2", "ParadigmaOOP2\ParadigmaOOP2.vcxproj", "{6451F309-2937-4F59-8B9A-0706B275AE7B}"
EndProject
Project("{8BC9CEB8-8B4A-11D0-8D11-00A0C91BC942}") = "Polymorphism", "Polymorphism\Polymorphism.vcxproj", "{CDC9DB56-C7F8-47B1-BE5B-10C180D1F0BF}"
EndProject
Project("{8BC9CEB8-8B4A-11D0-8D11-00A0C91BC942}") = "solveMultiwaris", "solveMultiwaris\solveMultiwaris.vcxproj", "{A53F7229-A82F-41E6-8860-C80C3C5C946E}"
EndProject
Project("{8BC9CEB8-8B4A-11D0-8D11-00A0C91BC942}") = "noOverriding", "noOverriding\noOverriding.vcxproj", "{A95E60BD-0671-473A-BCC1-5EEE2C679A42}"
EndProject
Project("{8BC9CEB8-8B4A-11D0-8D11-00A0C91BC942}") = "noPewarisan", "noPewarisan\noPewarisan.vcxproj", "{3FD4E3C1-1530-40F5-89FF-4D7BE2785FB5}"
EndProject
Project("{8BC9CEB8-8B4A-11D0-8D11-00A0C91BC942}") = "enkapsulasi", "enkapsulasi\enkapsulasi.vcxproj", "{1C0DDD38-F28B-4B47-A151-3ACD07ED9193}"
EndProject
Project("{8BC9CEB8-8B4A-11D0-8D11-00A0C91BC942}") = "abstraksi", "abstraksi\abstraksi.vcxproj", "{739410DF-4C40-4138-ACF3-5472324AB3F4}"
EndProject
Project("{8BC9CEB8-8B4A-11D0-8D11-00A0C91BC942}") = "MultiWaris", "MultiWaris\MultiWaris.vcxproj", "{4331D2B5-2F5F-4D86-8A95-B3893899CA72}"
EndProject
Global
	GlobalSection(SolutionConfigurationPlatforms) = preSolution
		Debug|x64 = Debug|x64
		Debug|x86 = Debug|x86
		Release|x64 = Release|x64
		Release|x86 = Release|x86
	EndGlobalSection
	GlobalSection(ProjectConfigurationPlatforms) = postSolution
		{6451F309-2937-4F59-8B9A-0706B275AE7B}.Debug|x64.ActiveCfg = Debug|x64
		{6451F309-2937-4F59-8B9A-0706B275AE7B}.Debug|x64.Build.0 = Debug|x64
		{6451F309-2937-4F59-8B9A-0706B275AE7B}.Debug|x86.ActiveCfg = Debug|Win32
		{6451F309-2937-4F59-8B9A-0706B275AE7B}.Debug|x86.Build.0 = Debug|Win32
		{6451F309-2937-4F59-8B9A-0706B275AE7B}.Release|x64.ActiveCfg = Release|x64
		{6451F309-2937-4F59-8B9A-0706B275AE7B}.Release|x64.Build.0 = Release|x64
		{6451F309-2937-4F59-8B9A-0706B275AE7B}.Release|x86.ActiveCfg = Release|Win32
		{6451F309-2937-4F59-8B9A-0706B275AE7B}.Release|x86.Build.0 = Release|Win32
		{CDC9DB56-C7F8-47B1-BE5B-10C180D1F0BF}.Debug|x64.ActiveCfg = Debug|x64
		{CDC9DB56-C7F8-47B1-BE5B-10C180D1F0BF}.Debug|x64.Build.0 = Debug|x64
		{CDC9DB56-C7F8-47B1-BE5B-10C180D1F0BF}.Debug|x86.ActiveCfg = Debug|Win32
		{CDC9DB56-C7F8-47B1-BE5B-10C180D1F0BF}.Debug|x86.Build.0 = Debug|Win32
		{CDC9DB56-C7F8-47B1-BE5B-10C180D1F0BF}.Release|x64.ActiveCfg = Release|x64
		{CDC9DB56-C7F8-47B1-BE5B-10C180D1F0BF}.Release|x64.Build.0 = Release|x64
		{CDC9DB56-C7F8-47B1-BE5B-10C180D1F0BF}.Release|x86.ActiveCfg = Release|Win32
		{CDC9DB56-C7F8-47B1-BE5B-10C180D1F0BF}.Release|x86.Build.0 = Release|Win32
		{A53F7229-A82F-41E6-8860-C80C3C5C946E}.Debug|x64.ActiveCfg = Debug|x64
		{A53F7229-A82F-41E6-8860-C80C3C5C946E}.Debug|x64.Build.0 = Debug|x64
		{A53F7229-A82F-41E6-8860-C80C3C5C946E}.Debug|x86.ActiveCfg = Debug|Win32
		{A53F7229-A82F-41E6-8860-C80C3C5C946E}.Debug|x86.Build.0 = Debug|Win32
		{A53F7229-A82F-41E6-8860-C80C3C5C946E}.Release|x64.ActiveCfg = Release|x64
		{A53F7229-A82F-41E6-8860-C80C3C5C946E}.Release|x64.Build.0 = Release|x64
		{A53F7229-A82F-41E6-8860-C80C3C5C946E}.Release|x86.ActiveCfg = Release|Win32
		{A53F7229-A82F-41E6-8860-C80C3C5C946E}.Release|x86.Build.0 = Release|Win32
		{A95E60BD-0671-473A-BCC1-5EEE2C679A42}.Debug|x64.ActiveCfg = Debug|x64
		{A95E60BD-0671-473A-BCC1-5EEE2C679A42}.Debug|x64.Build.0 = Debug|x64
		{A95E60BD-0671-473A-BCC1-5EEE2C679A42}.Debug|x86.ActiveCfg = Debug|Win32
		{A95E60BD-0671-473A-BCC1-5EEE2C679A42}.Debug|x86.Build.0 = Debug|Win32
		{A95E60BD-0671-473A-BCC1-5EEE2C679A42}.Release|x64.ActiveCfg = Release|x64
		{A95E60BD-0671-473A-BCC1-5EEE2C679A42}.Release|x64.Build.0 = Release|x64
		{A95E60BD-0671-473A-BCC1-5EEE2C679A42}.Release|x86.ActiveCfg = Release|Win32
		{A95E60BD-0671-473A-BCC1-5EEE2C679A42}.Release|x86.Build.0 = Release|Win32
		{3FD4E3C1-1530-40F5-89FF-4D7BE2785FB5}.Debug|x64.ActiveCfg = Debug|x64
		{3FD4E3C1-1530-40F5-89FF-4D7BE2785FB5}.Debug|x64.Build.0 = Debug|x64
		{3FD4E3C1-1530-40F5-89FF-4D7BE2785FB5}.Debug|x86.ActiveCfg = Debug|Win32
		{3FD4E3C1-1530-40F5-89FF-4D7BE2785FB5}.Debug|x86.Build.0 = Debug|Win32
		{3FD4E3C1-1530-40F5-89FF-4D7BE2785FB5}.Release|x64.ActiveCfg = Release|x64
		{3FD4E3C1-1530-40F5-89FF-4D7BE2785FB5}.Release|x64.Build.0 = Release|x64
		{3FD4E3C1-1530-40F5-89FF-4D7BE2785FB5}.Release|x86.ActiveCfg = Release|Win32
		{3FD4E3C1-1530-40F5-89FF-4D7BE2785FB5}.Release|x86.Build.0 = Release|Win32
		{1C0DDD38-F28B-4B47-A151-3ACD07ED9193}.Debug|x64.ActiveCfg = Debug|x64
		{1C0DDD38-F28B-4B47-A151-3ACD07ED9193}.Debug|x64.Build.0 = Debug|x64
		{1C0DDD38-F28B-4B47-A151-3ACD07ED9193}.Debug|x86.ActiveCfg = Debug|Win32
		{1C0DDD38-F28B-4B47-A151-3ACD07ED9193}.Debug|x86.Build.0 = Debug|Win32
		{1C0DDD38-F28B-4B47-A151-3ACD07ED9193}.Release|x64.ActiveCfg = Release|x64
		{1C0DDD38-F28B-4B47-A151-3ACD07ED9193}.Release|x64.Build.0 = Release|x64
		{1C0DDD38-F28B-4B47-A151-3ACD07ED9193}.Release|x86.ActiveCfg = Release|Win32
		{1C0DDD38-F28B-4B47-A151-3ACD07ED9193}.Release|x86.Build.0 = Release|Win32
		{739410DF-4C40-4138-ACF3-5472324AB3F4}.Debug|x64.ActiveCfg = Debug|x64
		{739410DF-4C40-4138-ACF3-5472324AB3F4}.Debug|x64.Build.0 = Debug|x64
		{739410DF-4C40-4138-ACF3-5472324AB3F4}.Debug|x86.ActiveCfg = Debug|Win32
		{739410DF-4C40-4138-ACF3-5472324AB3F4}.Debug|x86.Build.0 = Debug|Win32
		{739410DF-4C40-4138-ACF3-5472324AB3F4}.Release|x64.ActiveCfg = Release|x64
		{739410DF-4C40-4138-ACF3-5472324AB3F4}.Release|x64.Build.0 = Release|x64
		{739410DF-4C40-4138-ACF3-5472324AB3F4}.Release|x86.ActiveCfg = Release|Win32
		{739410DF-4C40-4138-ACF3-5472324AB3F4}.Release|x86.Build.0 = Release|Win32
		{4331D2B5-2F5F-4D86-8A95-B3893899CA72}.Debug|x64.ActiveCfg = Debug|x64
		{4331D2B5-2F5F-4D86-8A95-B3893899CA72}.Debug|x64.Build.0 = Debug|x64
		{4331D2B5-2F5F-4D86-8A95-B3893899CA72}.Debug|x86.ActiveCfg = Debug|Win32
		{4331D2B5-2F5F-4D86-8A95-B3893899CA72}.Debug|x86.Build.0 = Debug|Win32
		{4331D2B5-2F5F-4D86-8A95-B3893899CA72}.Release|x64.ActiveCfg = Release|x64
		{4331D2B5-2F5F-4D86-8A95-B3893899CA72}.Release|x64.Build.0 = Release|x64
		{4331D2B5-2F5F-4D86-8A95-B3893899CA72}.Release|x86.ActiveCfg = Release|Win32
		{4331D2B5-2F5F-4D86-8A95-B3893899CA72}.Release|x86.Build.0 = Release|Win32
	EndGlobalSection
	GlobalSection(SolutionProperties) = preSolution
		HideSolutionNode = FALSE
	EndGlobalSection
	GlobalSection(ExtensibilityGlobals) = postSolution
		SolutionGuid = {9F92202F-13C3-4401-AC6E-3C9913ECC6AE}
	EndGlobalSection
EndGlobal
